
Microsoft Visual Studio Solution File, Format Version 12.00
# Visual Studio Version 17
VisualStudioVersion = 17.0.31919.166
MinimumVisualStudioVersion = 10.0.40219.1
Project("{9A19103F-16F7-4668-BE54-9A1E7A4F7556}") = "Lesson_attribute", "Lesson_attribute.csproj", "{D74FB920-FFF1-47CF-84FA-0C2F856C2D1F}"
EndProject
Global
	GlobalSection(SolutionConfigurationPlatforms) = preSolution
		Debug|Any CPU = Debug|Any CPU
		Release|Any CPU = Release|Any CPU
	EndGlobalSection
	GlobalSection(ProjectConfigurationPlatforms) = postSolution
		{D74FB920-FFF1-47CF-84FA-0C2F856C2D1F}.Debug|Any CPU.ActiveCfg = Debug|Any CPU
		{D74FB920-FFF1-47CF-84FA-0C2F856C2D1F}.Debug|Any CPU.Build.0 = Debug|Any CPU
		{D74FB920-FFF1-47CF-84FA-0C2F856C2D1F}.Release|Any CPU.ActiveCfg = Release|Any CPU
		{D74FB920-FFF1-47CF-84FA-0C2F856C2D1F}.Release|Any CPU.Build.0 = Release|Any CPU
	EndGlobalSection
	GlobalSection(SolutionProperties) = preSolution
		HideSolutionNode = FALSE
	EndGlobalSection
	GlobalSection(ExtensibilityGlobals) = postSolution
		SolutionGuid = {C0269657-2A02-4C2F-9693-CF4B992DC575}
	EndGlobalSection
EndGlobal
